
Microsoft Visual Studio Solution File, Format Version 12.00
# Visual Studio 15
VisualStudioVersion = 15.0.27703.1
MinimumVisualStudioVersion = 10.0.40219.1
Project("{FAE04EC0-301F-11D3-BF4B-00C04F79EFBC}") = "TDD", "TDD\TDD.csproj", "{9FBF863A-F1B4-4992-AAE0-0DEA259B3F3C}"
EndProject
Project("{FAE04EC0-301F-11D3-BF4B-00C04F79EFBC}") = "CalculatorTests", "CalculatorTests\CalculatorTests.csproj", "{0CB1882B-0709-43D9-964C-96B88E1C0393}"
EndProject
Global
	GlobalSection(SolutionConfigurationPlatforms) = preSolution
		Debug|Any CPU = Debug|Any CPU
		Release|Any CPU = Release|Any CPU
	EndGlobalSection
	GlobalSection(ProjectConfigurationPlatforms) = postSolution
		{9FBF863A-F1B4-4992-AAE0-0DEA259B3F3C}.Debug|Any CPU.ActiveCfg = Debug|Any CPU
		{9FBF863A-F1B4-4992-AAE0-0DEA259B3F3C}.Debug|Any CPU.Build.0 = Debug|Any CPU
		{9FBF863A-F1B4-4992-AAE0-0DEA259B3F3C}.Release|Any CPU.ActiveCfg = Release|Any CPU
		{9FBF863A-F1B4-4992-AAE0-0DEA259B3F3C}.Release|Any CPU.Build.0 = Release|Any CPU
		{0CB1882B-0709-43D9-964C-96B88E1C0393}.Debug|Any CPU.ActiveCfg = Debug|Any CPU
		{0CB1882B-0709-43D9-964C-96B88E1C0393}.Debug|Any CPU.Build.0 = Debug|Any CPU
		{0CB1882B-0709-43D9-964C-96B88E1C0393}.Release|Any CPU.ActiveCfg = Release|Any CPU
		{0CB1882B-0709-43D9-964C-96B88E1C0393}.Release|Any CPU.Build.0 = Release|Any CPU
	EndGlobalSection
	GlobalSection(SolutionProperties) = preSolution
		HideSolutionNode = FALSE
	EndGlobalSection
	GlobalSection(ExtensibilityGlobals) = postSolution
		SolutionGuid = {DE8F6D7C-A103-4A1F-90F0-ECC586AD5436}
	EndGlobalSection
EndGlobal
