
Microsoft Visual Studio Solution File, Format Version 12.00
# Visual Studio 15
VisualStudioVersion = 15.0.27703.1
MinimumVisualStudioVersion = 10.0.40219.1
Project("{FAE04EC0-301F-11D3-BF4B-00C04F79EFBC}") = "DisposeFinaliza", "DisposeFinaliza\DisposeFinaliza.csproj", "{59CA6558-4AD6-41C0-8A96-35AD00A8CE5B}"
EndProject
Global
	GlobalSection(SolutionConfigurationPlatforms) = preSolution
		Debug|Any CPU = Debug|Any CPU
		Release|Any CPU = Release|Any CPU
	EndGlobalSection
	GlobalSection(ProjectConfigurationPlatforms) = postSolution
		{59CA6558-4AD6-41C0-8A96-35AD00A8CE5B}.Debug|Any CPU.ActiveCfg = Debug|Any CPU
		{59CA6558-4AD6-41C0-8A96-35AD00A8CE5B}.Debug|Any CPU.Build.0 = Debug|Any CPU
		{59CA6558-4AD6-41C0-8A96-35AD00A8CE5B}.Release|Any CPU.ActiveCfg = Release|Any CPU
		{59CA6558-4AD6-41C0-8A96-35AD00A8CE5B}.Release|Any CPU.Build.0 = Release|Any CPU
	EndGlobalSection
	GlobalSection(SolutionProperties) = preSolution
		HideSolutionNode = FALSE
	EndGlobalSection
	GlobalSection(ExtensibilityGlobals) = postSolution
		SolutionGuid = {FAC0791E-C23E-4E83-83F3-49BFD522B5D9}
	EndGlobalSection
EndGlobal
