
Microsoft Visual Studio Solution File, Format Version 12.00
# Visual Studio 15
VisualStudioVersion = 15.0.27703.1
MinimumVisualStudioVersion = 10.0.40219.1
Project("{FAE04EC0-301F-11D3-BF4B-00C04F79EFBC}") = "LinkedList", "LinkedList\LinkedList.csproj", "{FCD13F99-6416-4820-ADE5-A762A2F1330F}"
EndProject
Global
	GlobalSection(SolutionConfigurationPlatforms) = preSolution
		Debug|Any CPU = Debug|Any CPU
		Release|Any CPU = Release|Any CPU
	EndGlobalSection
	GlobalSection(ProjectConfigurationPlatforms) = postSolution
		{FCD13F99-6416-4820-ADE5-A762A2F1330F}.Debug|Any CPU.ActiveCfg = Debug|Any CPU
		{FCD13F99-6416-4820-ADE5-A762A2F1330F}.Debug|Any CPU.Build.0 = Debug|Any CPU
		{FCD13F99-6416-4820-ADE5-A762A2F1330F}.Release|Any CPU.ActiveCfg = Release|Any CPU
		{FCD13F99-6416-4820-ADE5-A762A2F1330F}.Release|Any CPU.Build.0 = Release|Any CPU
	EndGlobalSection
	GlobalSection(SolutionProperties) = preSolution
		HideSolutionNode = FALSE
	EndGlobalSection
	GlobalSection(ExtensibilityGlobals) = postSolution
		SolutionGuid = {707392DE-4597-4B80-8C83-70EB1B8F79E3}
	EndGlobalSection
EndGlobal
